
Microsoft Visual Studio Solution File, Format Version 12.00
# Visual Studio 2013
VisualStudioVersion = 12.0.21005.1
MinimumVisualStudioVersion = 10.0.40219.1
Project("{FAE04EC0-301F-11D3-BF4B-00C04F79EFBC}") = "TestDatabase", "TestDatabase\TestDatabase.csproj", "{B310BD2E-EF62-4359-BD7C-DE146A0DBEDB}"
EndProject
Global
	GlobalSection(SolutionConfigurationPlatforms) = preSolution
		Debug|Any CPU = Debug|Any CPU
		Release|Any CPU = Release|Any CPU
	EndGlobalSection
	GlobalSection(ProjectConfigurationPlatforms) = postSolution
		{B310BD2E-EF62-4359-BD7C-DE146A0DBEDB}.Debug|Any CPU.ActiveCfg = Debug|Any CPU
		{B310BD2E-EF62-4359-BD7C-DE146A0DBEDB}.Debug|Any CPU.Build.0 = Debug|Any CPU
		{B310BD2E-EF62-4359-BD7C-DE146A0DBEDB}.Release|Any CPU.ActiveCfg = Release|Any CPU
		{B310BD2E-EF62-4359-BD7C-DE146A0DBEDB}.Release|Any CPU.Build.0 = Release|Any CPU
	EndGlobalSection
	GlobalSection(SolutionProperties) = preSolution
		HideSolutionNode = FALSE
	EndGlobalSection
EndGlobal
